
Microsoft Visual Studio Solution File, Format Version 12.00
# Visual Studio 15
VisualStudioVersion = 15.0.28307.1000
MinimumVisualStudioVersion = 10.0.40219.1
Project("{FAE04EC0-301F-11D3-BF4B-00C04F79EFBC}") = "MobilwebSite", "MobilwebSite\MobilwebSite.csproj", "{E0D3C907-1E13-4626-92DA-047A1C657087}"
EndProject
Project("{FAE04EC0-301F-11D3-BF4B-00C04F79EFBC}") = "Bll", "Bll\Bll.csproj", "{9BDB2A8E-D9C1-4587-A0DA-DF291C234507}"
EndProject
Project("{FAE04EC0-301F-11D3-BF4B-00C04F79EFBC}") = "DBUtilityLB", "dbhelper\ThreeLyerLibraly\DBUtilityLB.csproj", "{0203B78E-4424-48AB-BFC0-9DD82E3584D4}"
EndProject
Global
	GlobalSection(SolutionConfigurationPlatforms) = preSolution
		Debug|Any CPU = Debug|Any CPU
		Release|Any CPU = Release|Any CPU
	EndGlobalSection
	GlobalSection(ProjectConfigurationPlatforms) = postSolution
		{E0D3C907-1E13-4626-92DA-047A1C657087}.Debug|Any CPU.ActiveCfg = Debug|Any CPU
		{E0D3C907-1E13-4626-92DA-047A1C657087}.Debug|Any CPU.Build.0 = Debug|Any CPU
		{E0D3C907-1E13-4626-92DA-047A1C657087}.Release|Any CPU.ActiveCfg = Release|Any CPU
		{E0D3C907-1E13-4626-92DA-047A1C657087}.Release|Any CPU.Build.0 = Release|Any CPU
		{9BDB2A8E-D9C1-4587-A0DA-DF291C234507}.Debug|Any CPU.ActiveCfg = Debug|Any CPU
		{9BDB2A8E-D9C1-4587-A0DA-DF291C234507}.Debug|Any CPU.Build.0 = Debug|Any CPU
		{9BDB2A8E-D9C1-4587-A0DA-DF291C234507}.Release|Any CPU.ActiveCfg = Release|Any CPU
		{9BDB2A8E-D9C1-4587-A0DA-DF291C234507}.Release|Any CPU.Build.0 = Release|Any CPU
		{0203B78E-4424-48AB-BFC0-9DD82E3584D4}.Debug|Any CPU.ActiveCfg = Debug|Any CPU
		{0203B78E-4424-48AB-BFC0-9DD82E3584D4}.Debug|Any CPU.Build.0 = Debug|Any CPU
		{0203B78E-4424-48AB-BFC0-9DD82E3584D4}.Release|Any CPU.ActiveCfg = Release|Any CPU
		{0203B78E-4424-48AB-BFC0-9DD82E3584D4}.Release|Any CPU.Build.0 = Release|Any CPU
	EndGlobalSection
	GlobalSection(SolutionProperties) = preSolution
		HideSolutionNode = FALSE
	EndGlobalSection
	GlobalSection(ExtensibilityGlobals) = postSolution
		SolutionGuid = {651792E5-09DA-4EA9-9EE5-ADDAAD06756C}
	EndGlobalSection
EndGlobal
